
Microsoft Visual Studio Solution File, Format Version 12.00
Project("{FAE04EC0-301F-11D3-BF4B-00C04F79EFBC}") = "Modrinth.Net", "src\Modrinth.Net\Modrinth.Net.csproj", "{AA5B176A-D23B-44BC-916B-71E589FC332F}"
EndProject
Project("{FAE04EC0-301F-11D3-BF4B-00C04F79EFBC}") = "Modrinth.Net.Test", "test\Modrinth.Net.Test\Modrinth.Net.Test.csproj", "{04FB011C-6E5D-4B3E-81CE-7C529E3FEB21}"
EndProject
Global
	GlobalSection(SolutionConfigurationPlatforms) = preSolution
		Debug|Any CPU = Debug|Any CPU
		Release|Any CPU = Release|Any CPU
	EndGlobalSection
	GlobalSection(ProjectConfigurationPlatforms) = postSolution
		{AA5B176A-D23B-44BC-916B-71E589FC332F}.Debug|Any CPU.ActiveCfg = Debug|Any CPU
		{AA5B176A-D23B-44BC-916B-71E589FC332F}.Debug|Any CPU.Build.0 = Debug|Any CPU
		{AA5B176A-D23B-44BC-916B-71E589FC332F}.Release|Any CPU.ActiveCfg = Release|Any CPU
		{AA5B176A-D23B-44BC-916B-71E589FC332F}.Release|Any CPU.Build.0 = Release|Any CPU
		{04FB011C-6E5D-4B3E-81CE-7C529E3FEB21}.Debug|Any CPU.ActiveCfg = Debug|Any CPU
		{04FB011C-6E5D-4B3E-81CE-7C529E3FEB21}.Debug|Any CPU.Build.0 = Debug|Any CPU
		{04FB011C-6E5D-4B3E-81CE-7C529E3FEB21}.Release|Any CPU.ActiveCfg = Release|Any CPU
		{04FB011C-6E5D-4B3E-81CE-7C529E3FEB21}.Release|Any CPU.Build.0 = Release|Any CPU
	EndGlobalSection
EndGlobal
